
Microsoft Visual Studio Solution File, Format Version 12.00
# Visual Studio 15
VisualStudioVersion = 15.0.28307.136
MinimumVisualStudioVersion = 10.0.40219.1
Project("{FAE04EC0-301F-11D3-BF4B-00C04F79EFBC}") = "RestaurantWeb", "RestaurantWeb\RestaurantWeb.csproj", "{728C312E-EE53-4287-AD1E-E369AD8A03A4}"
EndProject
Project("{FAE04EC0-301F-11D3-BF4B-00C04F79EFBC}") = "WebApiRestaurantDataAccess", "WebApiRestaurantDataAccess\WebApiRestaurantDataAccess.csproj", "{DB18E3D5-0445-4693-98D8-F68C773E2767}"
EndProject
Project("{FAE04EC0-301F-11D3-BF4B-00C04F79EFBC}") = "CodeLibrary", "CodeLibrary\CodeLibrary.csproj", "{3149025B-7006-426E-937B-6DD8A2B4284C}"
EndProject
Project("{FAE04EC0-301F-11D3-BF4B-00C04F79EFBC}") = "CodeLibrary.Tests", "CodeLibrary.Tests\CodeLibrary.Tests.csproj", "{9A03A55B-B8C9-4FC7-8BA6-CFF2F782BA7A}"
EndProject
Global
	GlobalSection(SolutionConfigurationPlatforms) = preSolution
		Debug|Any CPU = Debug|Any CPU
		Release|Any CPU = Release|Any CPU
	EndGlobalSection
	GlobalSection(ProjectConfigurationPlatforms) = postSolution
		{728C312E-EE53-4287-AD1E-E369AD8A03A4}.Debug|Any CPU.ActiveCfg = Debug|Any CPU
		{728C312E-EE53-4287-AD1E-E369AD8A03A4}.Debug|Any CPU.Build.0 = Debug|Any CPU
		{728C312E-EE53-4287-AD1E-E369AD8A03A4}.Release|Any CPU.ActiveCfg = Release|Any CPU
		{728C312E-EE53-4287-AD1E-E369AD8A03A4}.Release|Any CPU.Build.0 = Release|Any CPU
		{DB18E3D5-0445-4693-98D8-F68C773E2767}.Debug|Any CPU.ActiveCfg = Debug|Any CPU
		{DB18E3D5-0445-4693-98D8-F68C773E2767}.Debug|Any CPU.Build.0 = Debug|Any CPU
		{DB18E3D5-0445-4693-98D8-F68C773E2767}.Release|Any CPU.ActiveCfg = Release|Any CPU
		{DB18E3D5-0445-4693-98D8-F68C773E2767}.Release|Any CPU.Build.0 = Release|Any CPU
		{3149025B-7006-426E-937B-6DD8A2B4284C}.Debug|Any CPU.ActiveCfg = Debug|Any CPU
		{3149025B-7006-426E-937B-6DD8A2B4284C}.Debug|Any CPU.Build.0 = Debug|Any CPU
		{3149025B-7006-426E-937B-6DD8A2B4284C}.Release|Any CPU.ActiveCfg = Release|Any CPU
		{3149025B-7006-426E-937B-6DD8A2B4284C}.Release|Any CPU.Build.0 = Release|Any CPU
		{9A03A55B-B8C9-4FC7-8BA6-CFF2F782BA7A}.Debug|Any CPU.ActiveCfg = Debug|Any CPU
		{9A03A55B-B8C9-4FC7-8BA6-CFF2F782BA7A}.Debug|Any CPU.Build.0 = Debug|Any CPU
		{9A03A55B-B8C9-4FC7-8BA6-CFF2F782BA7A}.Release|Any CPU.ActiveCfg = Release|Any CPU
		{9A03A55B-B8C9-4FC7-8BA6-CFF2F782BA7A}.Release|Any CPU.Build.0 = Release|Any CPU
	EndGlobalSection
	GlobalSection(SolutionProperties) = preSolution
		HideSolutionNode = FALSE
	EndGlobalSection
	GlobalSection(ExtensibilityGlobals) = postSolution
		SolutionGuid = {15CAAB19-58AD-4246-AFAD-F2B1DAD141FC}
	EndGlobalSection
EndGlobal
